// !$*UTF8*$!
{
	archiveVersion = 1;
	classes = {
	};
	objectVersion = 48;
	objects = {

/* Begin PBXBuildFile section */
		B5C084D005DDE982FEBA8D6A /* Pods_Engauge.framework in Frameworks */ = {isa = PBXBuildFile; fileRef = E020E6CE04F8C5421691A37C /* Pods_Engauge.framework */; };
		C80569A4208679910010F9A9 /* EngaugeUser.swift in Sources */ = {isa = PBXBuildFile; fileRef = C80569A3208679910010F9A9 /* EngaugeUser.swift */; };
		C80F31F92049F456002F6FED /* AppDelegate.swift in Sources */ = {isa = PBXBuildFile; fileRef = C80F31F82049F456002F6FED /* AppDelegate.swift */; };
		C80F31FB2049F456002F6FED /* SignInVC.swift in Sources */ = {isa = PBXBuildFile; fileRef = C80F31FA2049F456002F6FED /* SignInVC.swift */; };
		C80F31FE2049F456002F6FED /* Main.storyboard in Resources */ = {isa = PBXBuildFile; fileRef = C80F31FC2049F456002F6FED /* Main.storyboard */; };
		C80F32002049F456002F6FED /* Assets.xcassets in Resources */ = {isa = PBXBuildFile; fileRef = C80F31FF2049F456002F6FED /* Assets.xcassets */; };
		C80F32032049F456002F6FED /* LaunchScreen.storyboard in Resources */ = {isa = PBXBuildFile; fileRef = C80F32012049F456002F6FED /* LaunchScreen.storyboard */; };
		C80F320B204A00C4002F6FED /* GoogleService-Info.plist in Resources */ = {isa = PBXBuildFile; fileRef = C80F320A204A00C4002F6FED /* GoogleService-Info.plist */; };
		C80F3211204A2CEF002F6FED /* AuthService.swift in Sources */ = {isa = PBXBuildFile; fileRef = C80F3210204A2CEF002F6FED /* AuthService.swift */; };
		C80F3213204B4D6E002F6FED /* Constants.swift in Sources */ = {isa = PBXBuildFile; fileRef = C80F3212204B4D6E002F6FED /* Constants.swift */; };
		C8137F322056D0130074D2AF /* EventListVC.swift in Sources */ = {isa = PBXBuildFile; fileRef = C8137F312056D0130074D2AF /* EventListVC.swift */; };
		C8137F342056D0970074D2AF /* Event.swift in Sources */ = {isa = PBXBuildFile; fileRef = C8137F332056D0970074D2AF /* Event.swift */; };
		C81CD533209BF40B004E2590 /* QRScanVC.swift in Sources */ = {isa = PBXBuildFile; fileRef = C81CD532209BF40B004E2590 /* QRScanVC.swift */; };
		C827AE7420A0AAAA006687A2 /* EditPrizeTVC.swift in Sources */ = {isa = PBXBuildFile; fileRef = C827AE7320A0AAAA006687A2 /* EditPrizeTVC.swift */; };
		C837D1B32085062D00D90D61 /* ProfileDetailsVC.swift in Sources */ = {isa = PBXBuildFile; fileRef = C837D1B22085062D00D90D61 /* ProfileDetailsVC.swift */; };
		C83C4BD42069D8B000456851 /* NewEventTVC.swift in Sources */ = {isa = PBXBuildFile; fileRef = C83C4BD32069D8B000456851 /* NewEventTVC.swift */; };
		C85333622062D52400D01734 /* EventDetailsVC.swift in Sources */ = {isa = PBXBuildFile; fileRef = C85333612062D52400D01734 /* EventDetailsVC.swift */; };
		C85CCB0B209D2340000CBE5F /* QRScanResultVC.swift in Sources */ = {isa = PBXBuildFile; fileRef = C85CCB0A209D2340000CBE5F /* QRScanResultVC.swift */; };
		C87AA262204E21F400AA3849 /* AccountCreationTVC.swift in Sources */ = {isa = PBXBuildFile; fileRef = C87AA261204E21F400AA3849 /* AccountCreationTVC.swift */; };
		C87AA61720AE233C00F9A04E /* Protocols.swift in Sources */ = {isa = PBXBuildFile; fileRef = C87AA61620AE233C00F9A04E /* Protocols.swift */; };
		C8A5AD5520994F3C0051FFA3 /* NotificationListTVC.swift in Sources */ = {isa = PBXBuildFile; fileRef = C8A5AD5420994F3C0051FFA3 /* NotificationListTVC.swift */; };
		C8A5AD572099512B0051FFA3 /* EngaugeNotification.swift in Sources */ = {isa = PBXBuildFile; fileRef = C8A5AD562099512B0051FFA3 /* EngaugeNotification.swift */; };
		C8A5AD5A209952D60051FFA3 /* NotificationTableViewCell.swift in Sources */ = {isa = PBXBuildFile; fileRef = C8A5AD58209952D60051FFA3 /* NotificationTableViewCell.swift */; };
		C8A5AD5B209952D60051FFA3 /* NotificationTableViewCell.xib in Resources */ = {isa = PBXBuildFile; fileRef = C8A5AD59209952D60051FFA3 /* NotificationTableViewCell.xib */; };
		C8AE0A18209FD50B00952BDA /* NewPrizeTVC.swift in Sources */ = {isa = PBXBuildFile; fileRef = C8AE0A17209FD50B00952BDA /* NewPrizeTVC.swift */; };
		C8B98B172058639700A24B95 /* FilterEventsTVC.swift in Sources */ = {isa = PBXBuildFile; fileRef = C8B98B162058639700A24B95 /* FilterEventsTVC.swift */; };
		C8B98B1920596E1400A24B95 /* EventFilterFactory.swift in Sources */ = {isa = PBXBuildFile; fileRef = C8B98B1820596E1400A24B95 /* EventFilterFactory.swift */; };
		C8B98B1D205C086000A24B95 /* MyTabBarController.swift in Sources */ = {isa = PBXBuildFile; fileRef = C8B98B1C205C086000A24B95 /* MyTabBarController.swift */; };
		C8B9D80F2065FC7A0011EC7B /* FavoriteBarButtonItem.swift in Sources */ = {isa = PBXBuildFile; fileRef = C8B9D80E2065FC7A0011EC7B /* FavoriteBarButtonItem.swift */; };
		C8C0BA02208E9FEC003DBE8A /* EditProfileVC.swift in Sources */ = {isa = PBXBuildFile; fileRef = C8C0BA01208E9FEC003DBE8A /* EditProfileVC.swift */; };
		C8CB84BD2064374600913E20 /* Transaction.swift in Sources */ = {isa = PBXBuildFile; fileRef = C8CB84BC2064374600913E20 /* Transaction.swift */; };
		C8D3CBE7208B8B3700AC4769 /* ProfileListVC.swift in Sources */ = {isa = PBXBuildFile; fileRef = C8D3CBE6208B8B3700AC4769 /* ProfileListVC.swift */; };
		C8D3CBEA208B8C0900AC4769 /* ProfileTableViewCell.swift in Sources */ = {isa = PBXBuildFile; fileRef = C8D3CBE8208B8C0900AC4769 /* ProfileTableViewCell.swift */; };
		C8D3CBEB208B8C0900AC4769 /* ProfileTableViewCell.xib in Resources */ = {isa = PBXBuildFile; fileRef = C8D3CBE9208B8C0900AC4769 /* ProfileTableViewCell.xib */; };
		C8D51082204F742F00835AD3 /* School.swift in Sources */ = {isa = PBXBuildFile; fileRef = C8D51081204F742F00835AD3 /* School.swift */; };
		C8D51084204F79D800835AD3 /* DataService.swift in Sources */ = {isa = PBXBuildFile; fileRef = C8D51083204F79D800835AD3 /* DataService.swift */; };
		C8D66867209A90FB004E529E /* RoleRequestDetailsVC.swift in Sources */ = {isa = PBXBuildFile; fileRef = C8D66866209A90FB004E529E /* RoleRequestDetailsVC.swift */; };
		C8D6D10E20A1445900D7B141 /* AdjustableView.swift in Sources */ = {isa = PBXBuildFile; fileRef = C8D6D10D20A1445900D7B141 /* AdjustableView.swift */; };
		C8D6D11020A1460D00D7B141 /* AdjustableButton.swift in Sources */ = {isa = PBXBuildFile; fileRef = C8D6D10F20A1460D00D7B141 /* AdjustableButton.swift */; };
		C8D6D11220A1462A00D7B141 /* AdjustableImageView.swift in Sources */ = {isa = PBXBuildFile; fileRef = C8D6D11120A1462A00D7B141 /* AdjustableImageView.swift */; };
		C8D6D11420A14BC500D7B141 /* AdjustableTextField.swift in Sources */ = {isa = PBXBuildFile; fileRef = C8D6D11320A14BC500D7B141 /* AdjustableTextField.swift */; };
		C8DE9CA8209E3B6C0094B926 /* PrizeTableViewCell.swift in Sources */ = {isa = PBXBuildFile; fileRef = C8DE9CA6209E3B6C0094B926 /* PrizeTableViewCell.swift */; };
		C8DE9CA9209E3B6C0094B926 /* PrizeTableViewCell.xib in Resources */ = {isa = PBXBuildFile; fileRef = C8DE9CA7209E3B6C0094B926 /* PrizeTableViewCell.xib */; };
		C8DE9CAB209E4B970094B926 /* Prize.swift in Sources */ = {isa = PBXBuildFile; fileRef = C8DE9CAA209E4B970094B926 /* Prize.swift */; };
		C8DE9CAD209E57A20094B926 /* PrizeListTVC.swift in Sources */ = {isa = PBXBuildFile; fileRef = C8DE9CAC209E57A20094B926 /* PrizeListTVC.swift */; };
		C8DE9CAF209E73FE0094B926 /* PrizeDetailsVC.swift in Sources */ = {isa = PBXBuildFile; fileRef = C8DE9CAE209E73FE0094B926 /* PrizeDetailsVC.swift */; };
		C8E8E25D20966CD900D3DA02 /* ManualTransactionVC.swift in Sources */ = {isa = PBXBuildFile; fileRef = C8E8E25C20966CD900D3DA02 /* ManualTransactionVC.swift */; };
		C8E9153D20792D7700E4E973 /* EditEventTVC.swift in Sources */ = {isa = PBXBuildFile; fileRef = C8E9153C20792D7700E4E973 /* EditEventTVC.swift */; };
		C8E939CD2052178A00CEAF87 /* StorageService.swift in Sources */ = {isa = PBXBuildFile; fileRef = C8E939CC2052178A00CEAF87 /* StorageService.swift */; };
		C8F465692089648E0051F279 /* TransactionTableViewCell.swift in Sources */ = {isa = PBXBuildFile; fileRef = C8F465672089648E0051F279 /* TransactionTableViewCell.swift */; };
		C8F4656A2089648E0051F279 /* TransactionTableViewCell.xib in Resources */ = {isa = PBXBuildFile; fileRef = C8F465682089648E0051F279 /* TransactionTableViewCell.xib */; };
		C8F4656D208965310051F279 /* EventTableViewCell.swift in Sources */ = {isa = PBXBuildFile; fileRef = C8F4656B208965310051F279 /* EventTableViewCell.swift */; };
		C8F4656E208965310051F279 /* EventTableViewCell.xib in Resources */ = {isa = PBXBuildFile; fileRef = C8F4656C208965310051F279 /* EventTableViewCell.xib */; };
		C8F689122092907D00DB3406 /* TransactionListVC.swift in Sources */ = {isa = PBXBuildFile; fileRef = C8F689112092907D00DB3406 /* TransactionListVC.swift */; };
		C8F689142092B74B00DB3406 /* TransactionDetailsVC.swift in Sources */ = {isa = PBXBuildFile; fileRef = C8F689132092B74B00DB3406 /* TransactionDetailsVC.swift */; };
		C8FA5AF72063054A00EE7F64 /* Extensions.swift in Sources */ = {isa = PBXBuildFile; fileRef = C8FA5AF62063054A00EE7F64 /* Extensions.swift */; };
/* End PBXBuildFile section */

/* Begin PBXFileReference section */
		2D1431E558467C277BD5768C /* Pods-Engauge.release.xcconfig */ = {isa = PBXFileReference; includeInIndex = 1; lastKnownFileType = text.xcconfig; name = "Pods-Engauge.release.xcconfig"; path = "Pods/Target Support Files/Pods-Engauge/Pods-Engauge.release.xcconfig"; sourceTree = "<group>"; };
		C80569A3208679910010F9A9 /* EngaugeUser.swift */ = {isa = PBXFileReference; lastKnownFileType = sourcecode.swift; path = EngaugeUser.swift; sourceTree = "<group>"; };
		C80F31F52049F456002F6FED /* Engauge.app */ = {isa = PBXFileReference; explicitFileType = wrapper.application; includeInIndex = 0; path = Engauge.app; sourceTree = BUILT_PRODUCTS_DIR; };
		C80F31F82049F456002F6FED /* AppDelegate.swift */ = {isa = PBXFileReference; lastKnownFileType = sourcecode.swift; path = AppDelegate.swift; sourceTree = "<group>"; };
		C80F31FA2049F456002F6FED /* SignInVC.swift */ = {isa = PBXFileReference; lastKnownFileType = sourcecode.swift; path = SignInVC.swift; sourceTree = "<group>"; };
		C80F31FD2049F456002F6FED /* Base */ = {isa = PBXFileReference; lastKnownFileType = file.storyboard; name = Base; path = Base.lproj/Main.storyboard; sourceTree = "<group>"; };
		C80F31FF2049F456002F6FED /* Assets.xcassets */ = {isa = PBXFileReference; lastKnownFileType = folder.assetcatalog; path = Assets.xcassets; sourceTree = "<group>"; };
		C80F32022049F456002F6FED /* Base */ = {isa = PBXFileReference; lastKnownFileType = file.storyboard; name = Base; path = Base.lproj/LaunchScreen.storyboard; sourceTree = "<group>"; };
		C80F32042049F456002F6FED /* Info.plist */ = {isa = PBXFileReference; lastKnownFileType = text.plist.xml; path = Info.plist; sourceTree = "<group>"; };
		C80F320A204A00C4002F6FED /* GoogleService-Info.plist */ = {isa = PBXFileReference; fileEncoding = 4; lastKnownFileType = text.plist.xml; path = "GoogleService-Info.plist"; sourceTree = "<group>"; };
		C80F3210204A2CEF002F6FED /* AuthService.swift */ = {isa = PBXFileReference; lastKnownFileType = sourcecode.swift; path = AuthService.swift; sourceTree = "<group>"; };
		C80F3212204B4D6E002F6FED /* Constants.swift */ = {isa = PBXFileReference; lastKnownFileType = sourcecode.swift; path = Constants.swift; sourceTree = "<group>"; };
		C8137F312056D0130074D2AF /* EventListVC.swift */ = {isa = PBXFileReference; lastKnownFileType = sourcecode.swift; path = EventListVC.swift; sourceTree = "<group>"; };
		C8137F332056D0970074D2AF /* Event.swift */ = {isa = PBXFileReference; lastKnownFileType = sourcecode.swift; path = Event.swift; sourceTree = "<group>"; };
		C81CD532209BF40B004E2590 /* QRScanVC.swift */ = {isa = PBXFileReference; lastKnownFileType = sourcecode.swift; path = QRScanVC.swift; sourceTree = "<group>"; };
		C827AE7320A0AAAA006687A2 /* EditPrizeTVC.swift */ = {isa = PBXFileReference; lastKnownFileType = sourcecode.swift; path = EditPrizeTVC.swift; sourceTree = "<group>"; };
		C837D1B22085062D00D90D61 /* ProfileDetailsVC.swift */ = {isa = PBXFileReference; lastKnownFileType = sourcecode.swift; path = ProfileDetailsVC.swift; sourceTree = "<group>"; };
		C83C4BD32069D8B000456851 /* NewEventTVC.swift */ = {isa = PBXFileReference; lastKnownFileType = sourcecode.swift; path = NewEventTVC.swift; sourceTree = "<group>"; };
		C85333612062D52400D01734 /* EventDetailsVC.swift */ = {isa = PBXFileReference; lastKnownFileType = sourcecode.swift; path = EventDetailsVC.swift; sourceTree = "<group>"; };
		C85CCB0A209D2340000CBE5F /* QRScanResultVC.swift */ = {isa = PBXFileReference; lastKnownFileType = sourcecode.swift; path = QRScanResultVC.swift; sourceTree = "<group>"; };
		C87AA261204E21F400AA3849 /* AccountCreationTVC.swift */ = {isa = PBXFileReference; lastKnownFileType = sourcecode.swift; path = AccountCreationTVC.swift; sourceTree = "<group>"; };
		C87AA61620AE233C00F9A04E /* Protocols.swift */ = {isa = PBXFileReference; lastKnownFileType = sourcecode.swift; path = Protocols.swift; sourceTree = "<group>"; };
		C8A5AD5420994F3C0051FFA3 /* NotificationListTVC.swift */ = {isa = PBXFileReference; lastKnownFileType = sourcecode.swift; path = NotificationListTVC.swift; sourceTree = "<group>"; };
		C8A5AD562099512B0051FFA3 /* EngaugeNotification.swift */ = {isa = PBXFileReference; lastKnownFileType = sourcecode.swift; path = EngaugeNotification.swift; sourceTree = "<group>"; };
		C8A5AD58209952D60051FFA3 /* NotificationTableViewCell.swift */ = {isa = PBXFileReference; lastKnownFileType = sourcecode.swift; path = NotificationTableViewCell.swift; sourceTree = "<group>"; };
		C8A5AD59209952D60051FFA3 /* NotificationTableViewCell.xib */ = {isa = PBXFileReference; lastKnownFileType = file.xib; path = NotificationTableViewCell.xib; sourceTree = "<group>"; };
		C8AE0A17209FD50B00952BDA /* NewPrizeTVC.swift */ = {isa = PBXFileReference; lastKnownFileType = sourcecode.swift; path = NewPrizeTVC.swift; sourceTree = "<group>"; };
		C8B98B162058639700A24B95 /* FilterEventsTVC.swift */ = {isa = PBXFileReference; lastKnownFileType = sourcecode.swift; path = FilterEventsTVC.swift; sourceTree = "<group>"; };
		C8B98B1820596E1400A24B95 /* EventFilterFactory.swift */ = {isa = PBXFileReference; lastKnownFileType = sourcecode.swift; path = EventFilterFactory.swift; sourceTree = "<group>"; };
		C8B98B1C205C086000A24B95 /* MyTabBarController.swift */ = {isa = PBXFileReference; lastKnownFileType = sourcecode.swift; path = MyTabBarController.swift; sourceTree = "<group>"; };
		C8B9D80E2065FC7A0011EC7B /* FavoriteBarButtonItem.swift */ = {isa = PBXFileReference; lastKnownFileType = sourcecode.swift; path = FavoriteBarButtonItem.swift; sourceTree = "<group>"; };
		C8C0BA01208E9FEC003DBE8A /* EditProfileVC.swift */ = {isa = PBXFileReference; lastKnownFileType = sourcecode.swift; path = EditProfileVC.swift; sourceTree = "<group>"; };
		C8CB84BC2064374600913E20 /* Transaction.swift */ = {isa = PBXFileReference; lastKnownFileType = sourcecode.swift; path = Transaction.swift; sourceTree = "<group>"; };
		C8D3CBE6208B8B3700AC4769 /* ProfileListVC.swift */ = {isa = PBXFileReference; lastKnownFileType = sourcecode.swift; path = ProfileListVC.swift; sourceTree = "<group>"; };
		C8D3CBE8208B8C0900AC4769 /* ProfileTableViewCell.swift */ = {isa = PBXFileReference; lastKnownFileType = sourcecode.swift; path = ProfileTableViewCell.swift; sourceTree = "<group>"; };
		C8D3CBE9208B8C0900AC4769 /* ProfileTableViewCell.xib */ = {isa = PBXFileReference; lastKnownFileType = file.xib; path = ProfileTableViewCell.xib; sourceTree = "<group>"; };
		C8D51081204F742F00835AD3 /* School.swift */ = {isa = PBXFileReference; lastKnownFileType = sourcecode.swift; path = School.swift; sourceTree = "<group>"; };
		C8D51083204F79D800835AD3 /* DataService.swift */ = {isa = PBXFileReference; lastKnownFileType = sourcecode.swift; path = DataService.swift; sourceTree = "<group>"; };
		C8D66866209A90FB004E529E /* RoleRequestDetailsVC.swift */ = {isa = PBXFileReference; lastKnownFileType = sourcecode.swift; path = RoleRequestDetailsVC.swift; sourceTree = "<group>"; };
		C8D6D10D20A1445900D7B141 /* AdjustableView.swift */ = {isa = PBXFileReference; lastKnownFileType = sourcecode.swift; path = AdjustableView.swift; sourceTree = "<group>"; };
		C8D6D10F20A1460D00D7B141 /* AdjustableButton.swift */ = {isa = PBXFileReference; lastKnownFileType = sourcecode.swift; path = AdjustableButton.swift; sourceTree = "<group>"; };
		C8D6D11120A1462A00D7B141 /* AdjustableImageView.swift */ = {isa = PBXFileReference; lastKnownFileType = sourcecode.swift; path = AdjustableImageView.swift; sourceTree = "<group>"; };
		C8D6D11320A14BC500D7B141 /* AdjustableTextField.swift */ = {isa = PBXFileReference; lastKnownFileType = sourcecode.swift; path = AdjustableTextField.swift; sourceTree = "<group>"; };
		C8DE9CA6209E3B6C0094B926 /* PrizeTableViewCell.swift */ = {isa = PBXFileReference; lastKnownFileType = sourcecode.swift; path = PrizeTableViewCell.swift; sourceTree = "<group>"; };
		C8DE9CA7209E3B6C0094B926 /* PrizeTableViewCell.xib */ = {isa = PBXFileReference; lastKnownFileType = file.xib; path = PrizeTableViewCell.xib; sourceTree = "<group>"; };
		C8DE9CAA209E4B970094B926 /* Prize.swift */ = {isa = PBXFileReference; lastKnownFileType = sourcecode.swift; path = Prize.swift; sourceTree = "<group>"; };
		C8DE9CAC209E57A20094B926 /* PrizeListTVC.swift */ = {isa = PBXFileReference; lastKnownFileType = sourcecode.swift; path = PrizeListTVC.swift; sourceTree = "<group>"; };
		C8DE9CAE209E73FE0094B926 /* PrizeDetailsVC.swift */ = {isa = PBXFileReference; lastKnownFileType = sourcecode.swift; path = PrizeDetailsVC.swift; sourceTree = "<group>"; };
		C8E8E25C20966CD900D3DA02 /* ManualTransactionVC.swift */ = {isa = PBXFileReference; lastKnownFileType = sourcecode.swift; path = ManualTransactionVC.swift; sourceTree = "<group>"; };
		C8E9153C20792D7700E4E973 /* EditEventTVC.swift */ = {isa = PBXFileReference; lastKnownFileType = sourcecode.swift; path = EditEventTVC.swift; sourceTree = "<group>"; };
		C8E939CC2052178A00CEAF87 /* StorageService.swift */ = {isa = PBXFileReference; lastKnownFileType = sourcecode.swift; path = StorageService.swift; sourceTree = "<group>"; };
		C8F465672089648E0051F279 /* TransactionTableViewCell.swift */ = {isa = PBXFileReference; lastKnownFileType = sourcecode.swift; path = TransactionTableViewCell.swift; sourceTree = "<group>"; };
		C8F465682089648E0051F279 /* TransactionTableViewCell.xib */ = {isa = PBXFileReference; lastKnownFileType = file.xib; path = TransactionTableViewCell.xib; sourceTree = "<group>"; };
		C8F4656B208965310051F279 /* EventTableViewCell.swift */ = {isa = PBXFileReference; lastKnownFileType = sourcecode.swift; path = EventTableViewCell.swift; sourceTree = "<group>"; };
		C8F4656C208965310051F279 /* EventTableViewCell.xib */ = {isa = PBXFileReference; lastKnownFileType = file.xib; path = EventTableViewCell.xib; sourceTree = "<group>"; };
		C8F689112092907D00DB3406 /* TransactionListVC.swift */ = {isa = PBXFileReference; lastKnownFileType = sourcecode.swift; path = TransactionListVC.swift; sourceTree = "<group>"; };
		C8F689132092B74B00DB3406 /* TransactionDetailsVC.swift */ = {isa = PBXFileReference; lastKnownFileType = sourcecode.swift; path = TransactionDetailsVC.swift; sourceTree = "<group>"; };
		C8FA5AF62063054A00EE7F64 /* Extensions.swift */ = {isa = PBXFileReference; lastKnownFileType = sourcecode.swift; path = Extensions.swift; sourceTree = "<group>"; };
		D59D261DD2848CECED032518 /* Pods-Engauge.debug.xcconfig */ = {isa = PBXFileReference; includeInIndex = 1; lastKnownFileType = text.xcconfig; name = "Pods-Engauge.debug.xcconfig"; path = "Pods/Target Support Files/Pods-Engauge/Pods-Engauge.debug.xcconfig"; sourceTree = "<group>"; };
		E020E6CE04F8C5421691A37C /* Pods_Engauge.framework */ = {isa = PBXFileReference; explicitFileType = wrapper.framework; includeInIndex = 0; path = Pods_Engauge.framework; sourceTree = BUILT_PRODUCTS_DIR; };
/* End PBXFileReference section */

/* Begin PBXFrameworksBuildPhase section */
		C80F31F22049F456002F6FED /* Frameworks */ = {
			isa = PBXFrameworksBuildPhase;
			buildActionMask = 2147483647;
			files = (
				B5C084D005DDE982FEBA8D6A /* Pods_Engauge.framework in Frameworks */,
			);
			runOnlyForDeploymentPostprocessing = 0;
		};
/* End PBXFrameworksBuildPhase section */

/* Begin PBXGroup section */
		37392F56AF5AA9D340CD3C24 /* Pods */ = {
			isa = PBXGroup;
			children = (
				D59D261DD2848CECED032518 /* Pods-Engauge.debug.xcconfig */,
				2D1431E558467C277BD5768C /* Pods-Engauge.release.xcconfig */,
			);
			name = Pods;
			sourceTree = "<group>";
		};
		38727EF9C4729669789B40CD /* Frameworks */ = {
			isa = PBXGroup;
			children = (
				E020E6CE04F8C5421691A37C /* Pods_Engauge.framework */,
			);
			name = Frameworks;
			sourceTree = "<group>";
		};
		C80F31EC2049F456002F6FED = {
			isa = PBXGroup;
			children = (
				C80F31F72049F456002F6FED /* Engauge */,
				C80F31F62049F456002F6FED /* Products */,
				37392F56AF5AA9D340CD3C24 /* Pods */,
				38727EF9C4729669789B40CD /* Frameworks */,
			);
			sourceTree = "<group>";
		};
		C80F31F62049F456002F6FED /* Products */ = {
			isa = PBXGroup;
			children = (
				C80F31F52049F456002F6FED /* Engauge.app */,
			);
			name = Products;
			sourceTree = "<group>";
		};
		C80F31F72049F456002F6FED /* Engauge */ = {
			isa = PBXGroup;
			children = (
				C80F3212204B4D6E002F6FED /* Constants.swift */,
				C8FA5AF62063054A00EE7F64 /* Extensions.swift */,
				C87AA61620AE233C00F9A04E /* Protocols.swift */,
				C80F320F204A2CE0002F6FED /* Services */,
				C8F46566208963C60051F279 /* User Interface */,
				C80F320E204A0291002F6FED /* Custom Views */,
				C80F320D204A028C002F6FED /* Model */,
				C80F320C204A0284002F6FED /* Controller */,
				C80F31F82049F456002F6FED /* AppDelegate.swift */,
				C80F31FF2049F456002F6FED /* Assets.xcassets */,
				C80F32012049F456002F6FED /* LaunchScreen.storyboard */,
				C80F32042049F456002F6FED /* Info.plist */,
				C80F320A204A00C4002F6FED /* GoogleService-Info.plist */,
			);
			path = Engauge;
			sourceTree = "<group>";
		};
		C80F320C204A0284002F6FED /* Controller */ = {
			isa = PBXGroup;
			children = (
				C8B98B1C205C086000A24B95 /* MyTabBarController.swift */,
				C80F31FA2049F456002F6FED /* SignInVC.swift */,
				C87AA261204E21F400AA3849 /* AccountCreationTVC.swift */,
				C8137F312056D0130074D2AF /* EventListVC.swift */,
				C8B98B162058639700A24B95 /* FilterEventsTVC.swift */,
				C85333612062D52400D01734 /* EventDetailsVC.swift */,
				C83C4BD32069D8B000456851 /* NewEventTVC.swift */,
				C8E9153C20792D7700E4E973 /* EditEventTVC.swift */,
				C837D1B22085062D00D90D61 /* ProfileDetailsVC.swift */,
				C8D3CBE6208B8B3700AC4769 /* ProfileListVC.swift */,
				C8C0BA01208E9FEC003DBE8A /* EditProfileVC.swift */,
				C8F689112092907D00DB3406 /* TransactionListVC.swift */,
				C8F689132092B74B00DB3406 /* TransactionDetailsVC.swift */,
				C8E8E25C20966CD900D3DA02 /* ManualTransactionVC.swift */,
				C8A5AD5420994F3C0051FFA3 /* NotificationListTVC.swift */,
				C8D66866209A90FB004E529E /* RoleRequestDetailsVC.swift */,
				C81CD532209BF40B004E2590 /* QRScanVC.swift */,
				C85CCB0A209D2340000CBE5F /* QRScanResultVC.swift */,
				C8DE9CAC209E57A20094B926 /* PrizeListTVC.swift */,
				C8DE9CAE209E73FE0094B926 /* PrizeDetailsVC.swift */,
				C8AE0A17209FD50B00952BDA /* NewPrizeTVC.swift */,
				C827AE7320A0AAAA006687A2 /* EditPrizeTVC.swift */,
			);
			path = Controller;
			sourceTree = "<group>";
		};
		C80F320D204A028C002F6FED /* Model */ = {
			isa = PBXGroup;
			children = (
				C8D51081204F742F00835AD3 /* School.swift */,
				C8137F332056D0970074D2AF /* Event.swift */,
				C8B98B1820596E1400A24B95 /* EventFilterFactory.swift */,
				C8CB84BC2064374600913E20 /* Transaction.swift */,
				C80569A3208679910010F9A9 /* EngaugeUser.swift */,
				C8A5AD562099512B0051FFA3 /* EngaugeNotification.swift */,
				C8DE9CAA209E4B970094B926 /* Prize.swift */,
			);
			path = Model;
			sourceTree = "<group>";
		};
		C80F320E204A0291002F6FED /* Custom Views */ = {
			isa = PBXGroup;
			children = (
				C8B9D80E2065FC7A0011EC7B /* FavoriteBarButtonItem.swift */,
				C8F4656B208965310051F279 /* EventTableViewCell.swift */,
				C8F465672089648E0051F279 /* TransactionTableViewCell.swift */,
				C8D3CBE8208B8C0900AC4769 /* ProfileTableViewCell.swift */,
				C8A5AD58209952D60051FFA3 /* NotificationTableViewCell.swift */,
				C8DE9CA6209E3B6C0094B926 /* PrizeTableViewCell.swift */,
				C8D6D10D20A1445900D7B141 /* AdjustableView.swift */,
				C8D6D10F20A1460D00D7B141 /* AdjustableButton.swift */,
				C8D6D11120A1462A00D7B141 /* AdjustableImageView.swift */,
				C8D6D11320A14BC500D7B141 /* AdjustableTextField.swift */,
			);
			path = "Custom Views";
			sourceTree = "<group>";
		};
		C80F320F204A2CE0002F6FED /* Services */ = {
			isa = PBXGroup;
			children = (
				C80F3210204A2CEF002F6FED /* AuthService.swift */,
				C8D51083204F79D800835AD3 /* DataService.swift */,
				C8E939CC2052178A00CEAF87 /* StorageService.swift */,
			);
			path = Services;
			sourceTree = "<group>";
		};
		C8F46566208963C60051F279 /* User Interface */ = {
			isa = PBXGroup;
			children = (
				C80F31FC2049F456002F6FED /* Main.storyboard */,
				C8F4656C208965310051F279 /* EventTableViewCell.xib */,
				C8F465682089648E0051F279 /* TransactionTableViewCell.xib */,
				C8D3CBE9208B8C0900AC4769 /* ProfileTableViewCell.xib */,
				C8A5AD59209952D60051FFA3 /* NotificationTableViewCell.xib */,
				C8DE9CA7209E3B6C0094B926 /* PrizeTableViewCell.xib */,
			);
			path = "User Interface";
			sourceTree = "<group>";
		};
/* End PBXGroup section */

/* Begin PBXNativeTarget section */
		C80F31F42049F456002F6FED /* Engauge */ = {
			isa = PBXNativeTarget;
			buildConfigurationList = C80F32072049F456002F6FED /* Build configuration list for PBXNativeTarget "Engauge" */;
			buildPhases = (
				108FE298DA316A711193C209 /* [CP] Check Pods Manifest.lock */,
				C80F31F12049F456002F6FED /* Sources */,
				C80F31F22049F456002F6FED /* Frameworks */,
				C80F31F32049F456002F6FED /* Resources */,
				E065271193AED4B84CAA2D69 /* [CP] Embed Pods Frameworks */,
			);
			buildRules = (
			);
			dependencies = (
			);
			name = Engauge;
			productName = Engauge;
			productReference = C80F31F52049F456002F6FED /* Engauge.app */;
			productType = "com.apple.product-type.application";
		};
/* End PBXNativeTarget section */

/* Begin PBXProject section */
		C80F31ED2049F456002F6FED /* Project object */ = {
			isa = PBXProject;
			attributes = {
				LastSwiftUpdateCheck = 0920;
				LastUpgradeCheck = 0930;
				ORGANIZATIONNAME = "Brennan Linse";
				TargetAttributes = {
					C80F31F42049F456002F6FED = {
						CreatedOnToolsVersion = 9.2;
						ProvisioningStyle = Automatic;
					};
				};
			};
			buildConfigurationList = C80F31F02049F456002F6FED /* Build configuration list for PBXProject "Engauge" */;
			compatibilityVersion = "Xcode 8.0";
			developmentRegion = en;
			hasScannedForEncodings = 0;
			knownRegions = (
				en,
				Base,
			);
			mainGroup = C80F31EC2049F456002F6FED;
			productRefGroup = C80F31F62049F456002F6FED /* Products */;
			projectDirPath = "";
			projectRoot = "";
			targets = (
				C80F31F42049F456002F6FED /* Engauge */,
			);
		};
/* End PBXProject section */

/* Begin PBXResourcesBuildPhase section */
		C80F31F32049F456002F6FED /* Resources */ = {
			isa = PBXResourcesBuildPhase;
			buildActionMask = 2147483647;
			files = (
				C8A5AD5B209952D60051FFA3 /* NotificationTableViewCell.xib in Resources */,
				C8F4656E208965310051F279 /* EventTableViewCell.xib in Resources */,
				C8F4656A2089648E0051F279 /* TransactionTableViewCell.xib in Resources */,
				C80F32032049F456002F6FED /* LaunchScreen.storyboard in Resources */,
				C8D3CBEB208B8C0900AC4769 /* ProfileTableViewCell.xib in Resources */,
				C80F320B204A00C4002F6FED /* GoogleService-Info.plist in Resources */,
				C80F32002049F456002F6FED /* Assets.xcassets in Resources */,
				C80F31FE2049F456002F6FED /* Main.storyboard in Resources */,
				C8DE9CA9209E3B6C0094B926 /* PrizeTableViewCell.xib in Resources */,
			);
			runOnlyForDeploymentPostprocessing = 0;
		};
/* End PBXResourcesBuildPhase section */

/* Begin PBXShellScriptBuildPhase section */
		108FE298DA316A711193C209 /* [CP] Check Pods Manifest.lock */ = {
			isa = PBXShellScriptBuildPhase;
			buildActionMask = 2147483647;
			files = (
			);
			inputPaths = (
				"${PODS_PODFILE_DIR_PATH}/Podfile.lock",
				"${PODS_ROOT}/Manifest.lock",
			);
			name = "[CP] Check Pods Manifest.lock";
			outputPaths = (
				"$(DERIVED_FILE_DIR)/Pods-Engauge-checkManifestLockResult.txt",
			);
			runOnlyForDeploymentPostprocessing = 0;
			shellPath = /bin/sh;
			shellScript = "diff \"${PODS_PODFILE_DIR_PATH}/Podfile.lock\" \"${PODS_ROOT}/Manifest.lock\" > /dev/null\nif [ $? != 0 ] ; then\n    # print error to STDERR\n    echo \"error: The sandbox is not in sync with the Podfile.lock. Run 'pod install' or update your CocoaPods installation.\" >&2\n    exit 1\nfi\n# This output is used by Xcode 'outputs' to avoid re-running this script phase.\necho \"SUCCESS\" > \"${SCRIPT_OUTPUT_FILE_0}\"\n";
			showEnvVarsInLog = 0;
		};
		E065271193AED4B84CAA2D69 /* [CP] Embed Pods Frameworks */ = {
			isa = PBXShellScriptBuildPhase;
			buildActionMask = 2147483647;
			files = (
			);
			inputPaths = (
				"${SRCROOT}/Pods/Target Support Files/Pods-Engauge/Pods-Engauge-frameworks.sh",
				"${BUILT_PRODUCTS_DIR}/GTMSessionFetcher/GTMSessionFetcher.framework",
				"${BUILT_PRODUCTS_DIR}/GoogleToolboxForMac/GoogleToolboxForMac.framework",
				"${BUILT_PRODUCTS_DIR}/SVProgressHUD/SVProgressHUD.framework",
				"${BUILT_PRODUCTS_DIR}/leveldb-library/leveldb.framework",
				"${BUILT_PRODUCTS_DIR}/nanopb/nanopb.framework",
			);
			name = "[CP] Embed Pods Frameworks";
			outputPaths = (
				"${TARGET_BUILD_DIR}/${FRAMEWORKS_FOLDER_PATH}/GTMSessionFetcher.framework",
				"${TARGET_BUILD_DIR}/${FRAMEWORKS_FOLDER_PATH}/GoogleToolboxForMac.framework",
				"${TARGET_BUILD_DIR}/${FRAMEWORKS_FOLDER_PATH}/SVProgressHUD.framework",
				"${TARGET_BUILD_DIR}/${FRAMEWORKS_FOLDER_PATH}/leveldb.framework",
				"${TARGET_BUILD_DIR}/${FRAMEWORKS_FOLDER_PATH}/nanopb.framework",
			);
			runOnlyForDeploymentPostprocessing = 0;
			shellPath = /bin/sh;
			shellScript = "\"${SRCROOT}/Pods/Target Support Files/Pods-Engauge/Pods-Engauge-frameworks.sh\"\n";
			showEnvVarsInLog = 0;
		};
/* End PBXShellScriptBuildPhase section */

/* Begin PBXSourcesBuildPhase section */
		C80F31F12049F456002F6FED /* Sources */ = {
			isa = PBXSourcesBuildPhase;
			buildActionMask = 2147483647;
			files = (
				C8DE9CA8209E3B6C0094B926 /* PrizeTableViewCell.swift in Sources */,
				C87AA61720AE233C00F9A04E /* Protocols.swift in Sources */,
				C8F4656D208965310051F279 /* EventTableViewCell.swift in Sources */,
				C8B98B172058639700A24B95 /* FilterEventsTVC.swift in Sources */,
				C85333622062D52400D01734 /* EventDetailsVC.swift in Sources */,
				C8B9D80F2065FC7A0011EC7B /* FavoriteBarButtonItem.swift in Sources */,
				C8A5AD5A209952D60051FFA3 /* NotificationTableViewCell.swift in Sources */,
				C85CCB0B209D2340000CBE5F /* QRScanResultVC.swift in Sources */,
				C80F3211204A2CEF002F6FED /* AuthService.swift in Sources */,
				C83C4BD42069D8B000456851 /* NewEventTVC.swift in Sources */,
				C8D51084204F79D800835AD3 /* DataService.swift in Sources */,
				C8D6D11020A1460D00D7B141 /* AdjustableButton.swift in Sources */,
				C8B98B1920596E1400A24B95 /* EventFilterFactory.swift in Sources */,
				C8CB84BD2064374600913E20 /* Transaction.swift in Sources */,
				C8DE9CAB209E4B970094B926 /* Prize.swift in Sources */,
				C8AE0A18209FD50B00952BDA /* NewPrizeTVC.swift in Sources */,
				C8D51082204F742F00835AD3 /* School.swift in Sources */,
				C8E9153D20792D7700E4E973 /* EditEventTVC.swift in Sources */,
				C8D6D11420A14BC500D7B141 /* AdjustableTextField.swift in Sources */,
				C8D6D11220A1462A00D7B141 /* AdjustableImageView.swift in Sources */,
				C80F31FB2049F456002F6FED /* SignInVC.swift in Sources */,
				C8A5AD572099512B0051FFA3 /* EngaugeNotification.swift in Sources */,
				C8C0BA02208E9FEC003DBE8A /* EditProfileVC.swift in Sources */,
				C8DE9CAD209E57A20094B926 /* PrizeListTVC.swift in Sources */,
				C8F689122092907D00DB3406 /* TransactionListVC.swift in Sources */,
				C80569A4208679910010F9A9 /* EngaugeUser.swift in Sources */,
				C8E8E25D20966CD900D3DA02 /* ManualTransactionVC.swift in Sources */,
				C8137F342056D0970074D2AF /* Event.swift in Sources */,
				C8137F322056D0130074D2AF /* EventListVC.swift in Sources */,
				C81CD533209BF40B004E2590 /* QRScanVC.swift in Sources */,
				C8F465692089648E0051F279 /* TransactionTableViewCell.swift in Sources */,
				C80F31F92049F456002F6FED /* AppDelegate.swift in Sources */,
				C837D1B32085062D00D90D61 /* ProfileDetailsVC.swift in Sources */,
				C8FA5AF72063054A00EE7F64 /* Extensions.swift in Sources */,
				C8E939CD2052178A00CEAF87 /* StorageService.swift in Sources */,
				C8D3CBE7208B8B3700AC4769 /* ProfileListVC.swift in Sources */,
				C87AA262204E21F400AA3849 /* AccountCreationTVC.swift in Sources */,
				C80F3213204B4D6E002F6FED /* Constants.swift in Sources */,
				C827AE7420A0AAAA006687A2 /* EditPrizeTVC.swift in Sources */,
				C8DE9CAF209E73FE0094B926 /* PrizeDetailsVC.swift in Sources */,
				C8D66867209A90FB004E529E /* RoleRequestDetailsVC.swift in Sources */,
				C8A5AD5520994F3C0051FFA3 /* NotificationListTVC.swift in Sources */,
				C8D3CBEA208B8C0900AC4769 /* ProfileTableViewCell.swift in Sources */,
				C8D6D10E20A1445900D7B141 /* AdjustableView.swift in Sources */,
				C8F689142092B74B00DB3406 /* TransactionDetailsVC.swift in Sources */,
				C8B98B1D205C086000A24B95 /* MyTabBarController.swift in Sources */,
			);
			runOnlyForDeploymentPostprocessing = 0;
		};
/* End PBXSourcesBuildPhase section */

/* Begin PBXVariantGroup section */
		C80F31FC2049F456002F6FED /* Main.storyboard */ = {
			isa = PBXVariantGroup;
			children = (
				C80F31FD2049F456002F6FED /* Base */,
			);
			name = Main.storyboard;
			sourceTree = "<group>";
		};
		C80F32012049F456002F6FED /* LaunchScreen.storyboard */ = {
			isa = PBXVariantGroup;
			children = (
				C80F32022049F456002F6FED /* Base */,
			);
			name = LaunchScreen.storyboard;
			sourceTree = "<group>";
		};
/* End PBXVariantGroup section */

/* Begin XCBuildConfiguration section */
		C80F32052049F456002F6FED /* Debug */ = {
			isa = XCBuildConfiguration;
			buildSettings = {
				ALWAYS_SEARCH_USER_PATHS = NO;
				CLANG_ANALYZER_NONNULL = YES;
				CLANG_ANALYZER_NUMBER_OBJECT_CONVERSION = YES_AGGRESSIVE;
				CLANG_CXX_LANGUAGE_STANDARD = "gnu++14";
				CLANG_CXX_LIBRARY = "libc++";
				CLANG_ENABLE_MODULES = YES;
				CLANG_ENABLE_OBJC_ARC = YES;
				CLANG_WARN_BLOCK_CAPTURE_AUTORELEASING = YES;
				CLANG_WARN_BOOL_CONVERSION = YES;
				CLANG_WARN_COMMA = YES;
				CLANG_WARN_CONSTANT_CONVERSION = YES;
				CLANG_WARN_DEPRECATED_OBJC_IMPLEMENTATIONS = YES;
				CLANG_WARN_DIRECT_OBJC_ISA_USAGE = YES_ERROR;
				CLANG_WARN_DOCUMENTATION_COMMENTS = YES;
				CLANG_WARN_EMPTY_BODY = YES;
				CLANG_WARN_ENUM_CONVERSION = YES;
				CLANG_WARN_INFINITE_RECURSION = YES;
				CLANG_WARN_INT_CONVERSION = YES;
				CLANG_WARN_NON_LITERAL_NULL_CONVERSION = YES;
				CLANG_WARN_OBJC_IMPLICIT_RETAIN_SELF = YES;
				CLANG_WARN_OBJC_LITERAL_CONVERSION = YES;
				CLANG_WARN_OBJC_ROOT_CLASS = YES_ERROR;
				CLANG_WARN_RANGE_LOOP_ANALYSIS = YES;
				CLANG_WARN_STRICT_PROTOTYPES = YES;
				CLANG_WARN_SUSPICIOUS_MOVE = YES;
				CLANG_WARN_UNGUARDED_AVAILABILITY = YES_AGGRESSIVE;
				CLANG_WARN_UNREACHABLE_CODE = YES;
				CLANG_WARN__DUPLICATE_METHOD_MATCH = YES;
				CODE_SIGN_IDENTITY = "iPhone Developer";
				COPY_PHASE_STRIP = NO;
				DEBUG_INFORMATION_FORMAT = dwarf;
				ENABLE_STRICT_OBJC_MSGSEND = YES;
				ENABLE_TESTABILITY = YES;
				GCC_C_LANGUAGE_STANDARD = gnu11;
				GCC_DYNAMIC_NO_PIC = NO;
				GCC_NO_COMMON_BLOCKS = YES;
				GCC_OPTIMIZATION_LEVEL = 0;
				GCC_PREPROCESSOR_DEFINITIONS = (
					"DEBUG=1",
					"$(inherited)",
				);
				GCC_WARN_64_TO_32_BIT_CONVERSION = YES;
				GCC_WARN_ABOUT_RETURN_TYPE = YES_ERROR;
				GCC_WARN_UNDECLARED_SELECTOR = YES;
				GCC_WARN_UNINITIALIZED_AUTOS = YES_AGGRESSIVE;
				GCC_WARN_UNUSED_FUNCTION = YES;
				GCC_WARN_UNUSED_VARIABLE = YES;
				IPHONEOS_DEPLOYMENT_TARGET = 11.2;
				MTL_ENABLE_DEBUG_INFO = YES;
				ONLY_ACTIVE_ARCH = YES;
				SDKROOT = iphoneos;
				SWIFT_ACTIVE_COMPILATION_CONDITIONS = DEBUG;
				SWIFT_OPTIMIZATION_LEVEL = "-Onone";
			};
			name = Debug;
		};
		C80F32062049F456002F6FED /* Release */ = {
			isa = XCBuildConfiguration;
			buildSettings = {
				ALWAYS_SEARCH_USER_PATHS = NO;
				CLANG_ANALYZER_NONNULL = YES;
				CLANG_ANALYZER_NUMBER_OBJECT_CONVERSION = YES_AGGRESSIVE;
				CLANG_CXX_LANGUAGE_STANDARD = "gnu++14";
				CLANG_CXX_LIBRARY = "libc++";
				CLANG_ENABLE_MODULES = YES;
				CLANG_ENABLE_OBJC_ARC = YES;
				CLANG_WARN_BLOCK_CAPTURE_AUTORELEASING = YES;
				CLANG_WARN_BOOL_CONVERSION = YES;
				CLANG_WARN_COMMA = YES;
				CLANG_WARN_CONSTANT_CONVERSION = YES;
				CLANG_WARN_DEPRECATED_OBJC_IMPLEMENTATIONS = YES;
				CLANG_WARN_DIRECT_OBJC_ISA_USAGE = YES_ERROR;
				CLANG_WARN_DOCUMENTATION_COMMENTS = YES;
				CLANG_WARN_EMPTY_BODY = YES;
				CLANG_WARN_ENUM_CONVERSION = YES;
				CLANG_WARN_INFINITE_RECURSION = YES;
				CLANG_WARN_INT_CONVERSION = YES;
				CLANG_WARN_NON_LITERAL_NULL_CONVERSION = YES;
				CLANG_WARN_OBJC_IMPLICIT_RETAIN_SELF = YES;
				CLANG_WARN_OBJC_LITERAL_CONVERSION = YES;
				CLANG_WARN_OBJC_ROOT_CLASS = YES_ERROR;
				CLANG_WARN_RANGE_LOOP_ANALYSIS = YES;
				CLANG_WARN_STRICT_PROTOTYPES = YES;
				CLANG_WARN_SUSPICIOUS_MOVE = YES;
				CLANG_WARN_UNGUARDED_AVAILABILITY = YES_AGGRESSIVE;
				CLANG_WARN_UNREACHABLE_CODE = YES;
				CLANG_WARN__DUPLICATE_METHOD_MATCH = YES;
				CODE_SIGN_IDENTITY = "iPhone Developer";
				COPY_PHASE_STRIP = NO;
				DEBUG_INFORMATION_FORMAT = "dwarf-with-dsym";
				ENABLE_NS_ASSERTIONS = NO;
				ENABLE_STRICT_OBJC_MSGSEND = YES;
				GCC_C_LANGUAGE_STANDARD = gnu11;
				GCC_NO_COMMON_BLOCKS = YES;
				GCC_WARN_64_TO_32_BIT_CONVERSION = YES;
				GCC_WARN_ABOUT_RETURN_TYPE = YES_ERROR;
				GCC_WARN_UNDECLARED_SELECTOR = YES;
				GCC_WARN_UNINITIALIZED_AUTOS = YES_AGGRESSIVE;
				GCC_WARN_UNUSED_FUNCTION = YES;
				GCC_WARN_UNUSED_VARIABLE = YES;
				IPHONEOS_DEPLOYMENT_TARGET = 11.2;
				MTL_ENABLE_DEBUG_INFO = NO;
				SDKROOT = iphoneos;
				SWIFT_OPTIMIZATION_LEVEL = "-Owholemodule";
				VALIDATE_PRODUCT = YES;
			};
			name = Release;
		};
		C80F32082049F456002F6FED /* Debug */ = {
			isa = XCBuildConfiguration;
			baseConfigurationReference = D59D261DD2848CECED032518 /* Pods-Engauge.debug.xcconfig */;
			buildSettings = {
				ASSETCATALOG_COMPILER_APPICON_NAME = AppIcon;
				CODE_SIGN_STYLE = Automatic;
				DEVELOPMENT_TEAM = RQEL5W6SA3;
				INFOPLIST_FILE = Engauge/Info.plist;
				LD_RUNPATH_SEARCH_PATHS = "$(inherited) @executable_path/Frameworks";
				PRODUCT_BUNDLE_IDENTIFIER = BrennanLinse.Engauge;
				PRODUCT_NAME = "$(TARGET_NAME)";
				SWIFT_VERSION = 4.0;
				TARGETED_DEVICE_FAMILY = "1,2";
			};
			name = Debug;
		};
		C80F32092049F456002F6FED /* Release */ = {
			isa = XCBuildConfiguration;
			baseConfigurationReference = 2D1431E558467C277BD5768C /* Pods-Engauge.release.xcconfig */;
			buildSettings = {
				ASSETCATALOG_COMPILER_APPICON_NAME = AppIcon;
				CODE_SIGN_STYLE = Automatic;
				DEVELOPMENT_TEAM = RQEL5W6SA3;
				INFOPLIST_FILE = Engauge/Info.plist;
				LD_RUNPATH_SEARCH_PATHS = "$(inherited) @executable_path/Frameworks";
				PRODUCT_BUNDLE_IDENTIFIER = BrennanLinse.Engauge;
				PRODUCT_NAME = "$(TARGET_NAME)";
				SWIFT_VERSION = 4.0;
				TARGETED_DEVICE_FAMILY = "1,2";
			};
			name = Release;
		};
/* End XCBuildConfiguration section */

/* Begin XCConfigurationList section */
		C80F31F02049F456002F6FED /* Build configuration list for PBXProject "Engauge" */ = {
			isa = XCConfigurationList;
			buildConfigurations = (
				C80F32052049F456002F6FED /* Debug */,
				C80F32062049F456002F6FED /* Release */,
			);
			defaultConfigurationIsVisible = 0;
			defaultConfigurationName = Release;
		};
		C80F32072049F456002F6FED /* Build configuration list for PBXNativeTarget "Engauge" */ = {
			isa = XCConfigurationList;
			buildConfigurations = (
				C80F32082049F456002F6FED /* Debug */,
				C80F32092049F456002F6FED /* Release */,
			);
			defaultConfigurationIsVisible = 0;
			defaultConfigurationName = Release;
		};
/* End XCConfigurationList section */
	};
	rootObject = C80F31ED2049F456002F6FED /* Project object */;
}
